// !$*UTF8*$!
{
	archiveVersion = 1;
	classes = {
	};
	objectVersion = 50;
	objects = {

/* Begin PBXBuildFile section */
		D606197F2481510E005CE575 /* SearchBarView.swift in Sources */ = {isa = PBXBuildFile; fileRef = D606197E2481510E005CE575 /* SearchBarView.swift */; };
		D606198124815F8C005CE575 /* LICENSE in Resources */ = {isa = PBXBuildFile; fileRef = D606198024815F8C005CE575 /* LICENSE */; };
		D60F14A724686BA80077AD3F /* ShoppingItemJSON.swift in Sources */ = {isa = PBXBuildFile; fileRef = D60F14A624686BA80077AD3F /* ShoppingItemJSON.swift */; };
		D60F14A924686D710077AD3F /* LocationJSON.swift in Sources */ = {isa = PBXBuildFile; fileRef = D60F14A824686D710077AD3F /* LocationJSON.swift */; };
		D610C3BE2451D8DC009F7F36 /* ShoppingItem+Extensions.swift in Sources */ = {isa = PBXBuildFile; fileRef = D610C3BD2451D8DC009F7F36 /* ShoppingItem+Extensions.swift */; };
		D612E16124898EBB007E1412 /* Array+Extensions.swift in Sources */ = {isa = PBXBuildFile; fileRef = D612E16024898EBB007E1412 /* Array+Extensions.swift */; };
		D62B882B2451162D0051A7CE /* AppDelegate.swift in Sources */ = {isa = PBXBuildFile; fileRef = D62B882A2451162D0051A7CE /* AppDelegate.swift */; };
		D62B882D2451162D0051A7CE /* SceneDelegate.swift in Sources */ = {isa = PBXBuildFile; fileRef = D62B882C2451162D0051A7CE /* SceneDelegate.swift */; };
		D62B88322451162D0051A7CE /* ShoppingListTabView1.swift in Sources */ = {isa = PBXBuildFile; fileRef = D62B88312451162D0051A7CE /* ShoppingListTabView1.swift */; };
		D62B88342451162E0051A7CE /* Assets.xcassets in Resources */ = {isa = PBXBuildFile; fileRef = D62B88332451162E0051A7CE /* Assets.xcassets */; };
		D62B88372451162E0051A7CE /* Preview Assets.xcassets in Resources */ = {isa = PBXBuildFile; fileRef = D62B88362451162E0051A7CE /* Preview Assets.xcassets */; };
		D62B883A2451162E0051A7CE /* LaunchScreen.storyboard in Resources */ = {isa = PBXBuildFile; fileRef = D62B88382451162E0051A7CE /* LaunchScreen.storyboard */; };
		D63B1A0B248EA76A001CA309 /* MySectionHeaderView.swift in Sources */ = {isa = PBXBuildFile; fileRef = D63B1A0A248EA769001CA309 /* MySectionHeaderView.swift */; };
		D6450BD7245F49DB0074DA16 /* AddorModifyShoppingItemView.swift in Sources */ = {isa = PBXBuildFile; fileRef = D6450BD6245F49DB0074DA16 /* AddorModifyShoppingItemView.swift */; };
		D648D349246388C100CD881B /* Location+Extensions.swift in Sources */ = {isa = PBXBuildFile; fileRef = D648D348246388C100CD881B /* Location+Extensions.swift */; };
		D65721B32464591700E4AAAF /* AddorModifyLocationView.swift in Sources */ = {isa = PBXBuildFile; fileRef = D65721B22464591700E4AAAF /* AddorModifyLocationView.swift */; };
		D65B206C2493005600DB55F1 /* SLSliderControl.swift in Sources */ = {isa = PBXBuildFile; fileRef = D65B206B2493005600DB55F1 /* SLSliderControl.swift */; };
		D668A0CC248ACF4F0031E67B /* ShoppingListTabView2.swift in Sources */ = {isa = PBXBuildFile; fileRef = D668A0CB248ACF4F0031E67B /* ShoppingListTabView2.swift */; };
		D66FF35424926B6400B3ABC8 /* DevToolsTabView.swift in Sources */ = {isa = PBXBuildFile; fileRef = D66FF35324926B6400B3ABC8 /* DevToolsTabView.swift */; };
		D66FF3562492E67100B3ABC8 /* SLCenteredButton.swift in Sources */ = {isa = PBXBuildFile; fileRef = D66FF3552492E67100B3ABC8 /* SLCenteredButton.swift */; };
		D6ADB3B2247C266F00376271 /* locations.json in Resources */ = {isa = PBXBuildFile; fileRef = D6ADB3B1247C266E00376271 /* locations.json */; };
		D6ADB3B4247C267900376271 /* shoppingItems.json in Resources */ = {isa = PBXBuildFile; fileRef = D6ADB3B3247C267900376271 /* shoppingItems.json */; };
		D6AE3643246F035400F7A237 /* Bundle+Extensions.swift in Sources */ = {isa = PBXBuildFile; fileRef = D6AE3642246F035400F7A237 /* Bundle+Extensions.swift */; };
		D6B8A95424636711005F8EF2 /* MainView.swift in Sources */ = {isa = PBXBuildFile; fileRef = D6B8A95324636711005F8EF2 /* MainView.swift */; };
		D6B8A9562463693D005F8EF2 /* LocationsTabView.swift in Sources */ = {isa = PBXBuildFile; fileRef = D6B8A9552463693D005F8EF2 /* LocationsTabView.swift */; };
		D6C91D8524A8E69F008C8DFF /* ShoppingItemEditView.swift in Sources */ = {isa = PBXBuildFile; fileRef = D6C91D8424A8E69F008C8DFF /* ShoppingItemEditView.swift */; };
		D6C91D8724A8EC09008C8DFF /* EditableShoppingItemData.swift in Sources */ = {isa = PBXBuildFile; fileRef = D6C91D8624A8EC09008C8DFF /* EditableShoppingItemData.swift */; };
		D6DE39BD247314B40013F9B4 /* SLFormLabelText.swift in Sources */ = {isa = PBXBuildFile; fileRef = D6DE39BC247314B40013F9B4 /* SLFormLabelText.swift */; };
		D6EF557D246D7421007D636B /* PurchasedTabView.swift in Sources */ = {isa = PBXBuildFile; fileRef = D6EF557C246D7421007D636B /* PurchasedTabView.swift */; };
		D6EF5585246D964C007D636B /* ShoppingItemRowView.swift in Sources */ = {isa = PBXBuildFile; fileRef = D6EF5584246D964C007D636B /* ShoppingItemRowView.swift */; };
		D6EF5587246D97C3007D636B /* Development.swift in Sources */ = {isa = PBXBuildFile; fileRef = D6EF5586246D97C3007D636B /* Development.swift */; };
		D6F375D62485593D005559E6 /* LocationRowView.swift in Sources */ = {isa = PBXBuildFile; fileRef = D6F375D52485593D005559E6 /* LocationRowView.swift */; };
		D6FC7A0A24635D950096F018 /* ShoppingList.xcdatamodeld in Sources */ = {isa = PBXBuildFile; fileRef = D6FC7A0824635D950096F018 /* ShoppingList.xcdatamodeld */; };
/* End PBXBuildFile section */

/* Begin PBXFileReference section */
		D606197E2481510E005CE575 /* SearchBarView.swift */ = {isa = PBXFileReference; lastKnownFileType = sourcecode.swift; path = SearchBarView.swift; sourceTree = "<group>"; };
		D606198024815F8C005CE575 /* LICENSE */ = {isa = PBXFileReference; lastKnownFileType = text; path = LICENSE; sourceTree = "<group>"; };
		D60F14A624686BA80077AD3F /* ShoppingItemJSON.swift */ = {isa = PBXFileReference; lastKnownFileType = sourcecode.swift; path = ShoppingItemJSON.swift; sourceTree = "<group>"; };
		D60F14A824686D710077AD3F /* LocationJSON.swift */ = {isa = PBXFileReference; lastKnownFileType = sourcecode.swift; path = LocationJSON.swift; sourceTree = "<group>"; };
		D610C3BD2451D8DC009F7F36 /* ShoppingItem+Extensions.swift */ = {isa = PBXFileReference; lastKnownFileType = sourcecode.swift; path = "ShoppingItem+Extensions.swift"; sourceTree = "<group>"; };
		D612E16024898EBB007E1412 /* Array+Extensions.swift */ = {isa = PBXFileReference; lastKnownFileType = sourcecode.swift; path = "Array+Extensions.swift"; sourceTree = "<group>"; };
		D62B88272451162D0051A7CE /* ShoppingList.app */ = {isa = PBXFileReference; explicitFileType = wrapper.application; includeInIndex = 0; path = ShoppingList.app; sourceTree = BUILT_PRODUCTS_DIR; };
		D62B882A2451162D0051A7CE /* AppDelegate.swift */ = {isa = PBXFileReference; lastKnownFileType = sourcecode.swift; path = AppDelegate.swift; sourceTree = "<group>"; };
		D62B882C2451162D0051A7CE /* SceneDelegate.swift */ = {isa = PBXFileReference; lastKnownFileType = sourcecode.swift; path = SceneDelegate.swift; sourceTree = "<group>"; };
		D62B88312451162D0051A7CE /* ShoppingListTabView1.swift */ = {isa = PBXFileReference; lastKnownFileType = sourcecode.swift; path = ShoppingListTabView1.swift; sourceTree = "<group>"; };
		D62B88332451162E0051A7CE /* Assets.xcassets */ = {isa = PBXFileReference; lastKnownFileType = folder.assetcatalog; path = Assets.xcassets; sourceTree = "<group>"; };
		D62B88362451162E0051A7CE /* Preview Assets.xcassets */ = {isa = PBXFileReference; lastKnownFileType = folder.assetcatalog; path = "Preview Assets.xcassets"; sourceTree = "<group>"; };
		D62B88392451162E0051A7CE /* Base */ = {isa = PBXFileReference; lastKnownFileType = file.storyboard; name = Base; path = Base.lproj/LaunchScreen.storyboard; sourceTree = "<group>"; };
		D62B883B2451162E0051A7CE /* Info.plist */ = {isa = PBXFileReference; lastKnownFileType = text.plist.xml; path = Info.plist; sourceTree = "<group>"; };
		D63B1A0A248EA769001CA309 /* MySectionHeaderView.swift */ = {isa = PBXFileReference; lastKnownFileType = sourcecode.swift; path = MySectionHeaderView.swift; sourceTree = "<group>"; };
		D6450BD6245F49DB0074DA16 /* AddorModifyShoppingItemView.swift */ = {isa = PBXFileReference; lastKnownFileType = sourcecode.swift; path = AddorModifyShoppingItemView.swift; sourceTree = "<group>"; };
		D648D348246388C100CD881B /* Location+Extensions.swift */ = {isa = PBXFileReference; lastKnownFileType = sourcecode.swift; path = "Location+Extensions.swift"; sourceTree = "<group>"; };
		D65721B22464591700E4AAAF /* AddorModifyLocationView.swift */ = {isa = PBXFileReference; lastKnownFileType = sourcecode.swift; path = AddorModifyLocationView.swift; sourceTree = "<group>"; };
		D65A15D22465A137004ACCBB /* README.md */ = {isa = PBXFileReference; lastKnownFileType = net.daringfireball.markdown; path = README.md; sourceTree = "<group>"; };
		D65B206B2493005600DB55F1 /* SLSliderControl.swift */ = {isa = PBXFileReference; lastKnownFileType = sourcecode.swift; path = SLSliderControl.swift; sourceTree = "<group>"; };
		D668A0CB248ACF4F0031E67B /* ShoppingListTabView2.swift */ = {isa = PBXFileReference; fileEncoding = 4; lastKnownFileType = sourcecode.swift; path = ShoppingListTabView2.swift; sourceTree = "<group>"; };
		D66FF35324926B6400B3ABC8 /* DevToolsTabView.swift */ = {isa = PBXFileReference; lastKnownFileType = sourcecode.swift; path = DevToolsTabView.swift; sourceTree = "<group>"; };
		D66FF3552492E67100B3ABC8 /* SLCenteredButton.swift */ = {isa = PBXFileReference; lastKnownFileType = sourcecode.swift; path = SLCenteredButton.swift; sourceTree = "<group>"; };
		D6ADB3B1247C266E00376271 /* locations.json */ = {isa = PBXFileReference; fileEncoding = 4; lastKnownFileType = text.json; path = locations.json; sourceTree = "<group>"; };
		D6ADB3B3247C267900376271 /* shoppingItems.json */ = {isa = PBXFileReference; fileEncoding = 4; lastKnownFileType = text.json; path = shoppingItems.json; sourceTree = "<group>"; };
		D6AE3642246F035400F7A237 /* Bundle+Extensions.swift */ = {isa = PBXFileReference; lastKnownFileType = sourcecode.swift; path = "Bundle+Extensions.swift"; sourceTree = "<group>"; };
		D6B8A95324636711005F8EF2 /* MainView.swift */ = {isa = PBXFileReference; lastKnownFileType = sourcecode.swift; path = MainView.swift; sourceTree = "<group>"; };
		D6B8A9552463693D005F8EF2 /* LocationsTabView.swift */ = {isa = PBXFileReference; lastKnownFileType = sourcecode.swift; path = LocationsTabView.swift; sourceTree = "<group>"; };
		D6C91D8424A8E69F008C8DFF /* ShoppingItemEditView.swift */ = {isa = PBXFileReference; lastKnownFileType = sourcecode.swift; path = ShoppingItemEditView.swift; sourceTree = "<group>"; };
		D6C91D8624A8EC09008C8DFF /* EditableShoppingItemData.swift */ = {isa = PBXFileReference; lastKnownFileType = sourcecode.swift; path = EditableShoppingItemData.swift; sourceTree = "<group>"; };
		D6DE39BC247314B40013F9B4 /* SLFormLabelText.swift */ = {isa = PBXFileReference; lastKnownFileType = sourcecode.swift; path = SLFormLabelText.swift; sourceTree = "<group>"; };
		D6EF557C246D7421007D636B /* PurchasedTabView.swift */ = {isa = PBXFileReference; lastKnownFileType = sourcecode.swift; path = PurchasedTabView.swift; sourceTree = "<group>"; };
		D6EF5584246D964C007D636B /* ShoppingItemRowView.swift */ = {isa = PBXFileReference; lastKnownFileType = sourcecode.swift; path = ShoppingItemRowView.swift; sourceTree = "<group>"; };
		D6EF5586246D97C3007D636B /* Development.swift */ = {isa = PBXFileReference; lastKnownFileType = sourcecode.swift; path = Development.swift; sourceTree = "<group>"; };
		D6F375D52485593D005559E6 /* LocationRowView.swift */ = {isa = PBXFileReference; lastKnownFileType = sourcecode.swift; path = LocationRowView.swift; sourceTree = "<group>"; };
		D6FC7A0924635D950096F018 /* ShoppingList.xcdatamodel */ = {isa = PBXFileReference; lastKnownFileType = wrapper.xcdatamodel; path = ShoppingList.xcdatamodel; sourceTree = "<group>"; };
/* End PBXFileReference section */

/* Begin PBXFrameworksBuildPhase section */
		D62B88242451162D0051A7CE /* Frameworks */ = {
			isa = PBXFrameworksBuildPhase;
			buildActionMask = 2147483647;
			files = (
			);
			runOnlyForDeploymentPostprocessing = 0;
		};
/* End PBXFrameworksBuildPhase section */

/* Begin PBXGroup section */
		D62B881E2451162D0051A7CE = {
			isa = PBXGroup;
			children = (
				D65A15D22465A137004ACCBB /* README.md */,
				D606198024815F8C005CE575 /* LICENSE */,
				D62B88292451162D0051A7CE /* ShoppingList */,
				D62B88282451162D0051A7CE /* Products */,
			);
			sourceTree = "<group>";
		};
		D62B88282451162D0051A7CE /* Products */ = {
			isa = PBXGroup;
			children = (
				D62B88272451162D0051A7CE /* ShoppingList.app */,
			);
			name = Products;
			sourceTree = "<group>";
		};
		D62B88292451162D0051A7CE /* ShoppingList */ = {
			isa = PBXGroup;
			children = (
				D62B882A2451162D0051A7CE /* AppDelegate.swift */,
				D62B882C2451162D0051A7CE /* SceneDelegate.swift */,
				D6EF5586246D97C3007D636B /* Development.swift */,
				D6AE3642246F035400F7A237 /* Bundle+Extensions.swift */,
				D612E16024898EBB007E1412 /* Array+Extensions.swift */,
				D6EF5583246D9489007D636B /* CoreData Related */,
				D6B8A95324636711005F8EF2 /* MainView.swift */,
				D62B88312451162D0051A7CE /* ShoppingListTabView1.swift */,
				D668A0CB248ACF4F0031E67B /* ShoppingListTabView2.swift */,
				D6EF557C246D7421007D636B /* PurchasedTabView.swift */,
				D606197E2481510E005CE575 /* SearchBarView.swift */,
				D6B8A9552463693D005F8EF2 /* LocationsTabView.swift */,
				D6EF5584246D964C007D636B /* ShoppingItemRowView.swift */,
				D6F375D52485593D005559E6 /* LocationRowView.swift */,
				D66FF35324926B6400B3ABC8 /* DevToolsTabView.swift */,
				D6450BD6245F49DB0074DA16 /* AddorModifyShoppingItemView.swift */,
				D6C91D8424A8E69F008C8DFF /* ShoppingItemEditView.swift */,
				D6C91D8624A8EC09008C8DFF /* EditableShoppingItemData.swift */,
				D65721B22464591700E4AAAF /* AddorModifyLocationView.swift */,
				D66FF3552492E67100B3ABC8 /* SLCenteredButton.swift */,
				D65B206B2493005600DB55F1 /* SLSliderControl.swift */,
				D6DE39BC247314B40013F9B4 /* SLFormLabelText.swift */,
				D63B1A0A248EA769001CA309 /* MySectionHeaderView.swift */,
				D62B88332451162E0051A7CE /* Assets.xcassets */,
				D62B88382451162E0051A7CE /* LaunchScreen.storyboard */,
				D62B883B2451162E0051A7CE /* Info.plist */,
				D6ADB3B1247C266E00376271 /* locations.json */,
				D6ADB3B3247C267900376271 /* shoppingItems.json */,
				D62B88352451162E0051A7CE /* Preview Content */,
			);
			path = ShoppingList;
			sourceTree = "<group>";
		};
		D62B88352451162E0051A7CE /* Preview Content */ = {
			isa = PBXGroup;
			children = (
				D62B88362451162E0051A7CE /* Preview Assets.xcassets */,
			);
			path = "Preview Content";
			sourceTree = "<group>";
		};
		D6EF5583246D9489007D636B /* CoreData Related */ = {
			isa = PBXGroup;
			children = (
				D6FC7A0824635D950096F018 /* ShoppingList.xcdatamodeld */,
				D610C3BD2451D8DC009F7F36 /* ShoppingItem+Extensions.swift */,
				D60F14A624686BA80077AD3F /* ShoppingItemJSON.swift */,
				D648D348246388C100CD881B /* Location+Extensions.swift */,
				D60F14A824686D710077AD3F /* LocationJSON.swift */,
			);
			path = "CoreData Related";
			sourceTree = "<group>";
		};
/* End PBXGroup section */

/* Begin PBXNativeTarget section */
		D62B88262451162D0051A7CE /* ShoppingList */ = {
			isa = PBXNativeTarget;
			buildConfigurationList = D62B883E2451162E0051A7CE /* Build configuration list for PBXNativeTarget "ShoppingList" */;
			buildPhases = (
				D62B88232451162D0051A7CE /* Sources */,
				D62B88242451162D0051A7CE /* Frameworks */,
				D62B88252451162D0051A7CE /* Resources */,
			);
			buildRules = (
			);
			dependencies = (
			);
			name = ShoppingList;
			packageProductDependencies = (
			);
			productName = ShoppingList;
			productReference = D62B88272451162D0051A7CE /* ShoppingList.app */;
			productType = "com.apple.product-type.application";
		};
/* End PBXNativeTarget section */

/* Begin PBXProject section */
		D62B881F2451162D0051A7CE /* Project object */ = {
			isa = PBXProject;
			attributes = {
				LastSwiftUpdateCheck = 1140;
				LastUpgradeCheck = 1140;
				ORGANIZATIONNAME = Jerry;
				TargetAttributes = {
					D62B88262451162D0051A7CE = {
						CreatedOnToolsVersion = 11.4.1;
					};
				};
			};
			buildConfigurationList = D62B88222451162D0051A7CE /* Build configuration list for PBXProject "ShoppingList" */;
			compatibilityVersion = "Xcode 9.3";
			developmentRegion = en;
			hasScannedForEncodings = 0;
			knownRegions = (
				en,
				Base,
			);
			mainGroup = D62B881E2451162D0051A7CE;
			packageReferences = (
			);
			productRefGroup = D62B88282451162D0051A7CE /* Products */;
			projectDirPath = "";
			projectRoot = "";
			targets = (
				D62B88262451162D0051A7CE /* ShoppingList */,
			);
		};
/* End PBXProject section */

/* Begin PBXResourcesBuildPhase section */
		D62B88252451162D0051A7CE /* Resources */ = {
			isa = PBXResourcesBuildPhase;
			buildActionMask = 2147483647;
			files = (
				D606198124815F8C005CE575 /* LICENSE in Resources */,
				D62B883A2451162E0051A7CE /* LaunchScreen.storyboard in Resources */,
				D62B88372451162E0051A7CE /* Preview Assets.xcassets in Resources */,
				D6ADB3B4247C267900376271 /* shoppingItems.json in Resources */,
				D6ADB3B2247C266F00376271 /* locations.json in Resources */,
				D62B88342451162E0051A7CE /* Assets.xcassets in Resources */,
			);
			runOnlyForDeploymentPostprocessing = 0;
		};
/* End PBXResourcesBuildPhase section */

/* Begin PBXSourcesBuildPhase section */
		D62B88232451162D0051A7CE /* Sources */ = {
			isa = PBXSourcesBuildPhase;
			buildActionMask = 2147483647;
			files = (
				D6450BD7245F49DB0074DA16 /* AddorModifyShoppingItemView.swift in Sources */,
				D60F14A724686BA80077AD3F /* ShoppingItemJSON.swift in Sources */,
				D6B8A95424636711005F8EF2 /* MainView.swift in Sources */,
				D6DE39BD247314B40013F9B4 /* SLFormLabelText.swift in Sources */,
				D6F375D62485593D005559E6 /* LocationRowView.swift in Sources */,
				D610C3BE2451D8DC009F7F36 /* ShoppingItem+Extensions.swift in Sources */,
				D668A0CC248ACF4F0031E67B /* ShoppingListTabView2.swift in Sources */,
				D60F14A924686D710077AD3F /* LocationJSON.swift in Sources */,
				D62B882B2451162D0051A7CE /* AppDelegate.swift in Sources */,
				D62B88322451162D0051A7CE /* ShoppingListTabView1.swift in Sources */,
				D6AE3643246F035400F7A237 /* Bundle+Extensions.swift in Sources */,
				D612E16124898EBB007E1412 /* Array+Extensions.swift in Sources */,
				D6EF5587246D97C3007D636B /* Development.swift in Sources */,
				D66FF35424926B6400B3ABC8 /* DevToolsTabView.swift in Sources */,
				D6C91D8724A8EC09008C8DFF /* EditableShoppingItemData.swift in Sources */,
				D65B206C2493005600DB55F1 /* SLSliderControl.swift in Sources */,
				D63B1A0B248EA76A001CA309 /* MySectionHeaderView.swift in Sources */,
				D606197F2481510E005CE575 /* SearchBarView.swift in Sources */,
				D6C91D8524A8E69F008C8DFF /* ShoppingItemEditView.swift in Sources */,
				D6EF557D246D7421007D636B /* PurchasedTabView.swift in Sources */,
				D6B8A9562463693D005F8EF2 /* LocationsTabView.swift in Sources */,
				D6FC7A0A24635D950096F018 /* ShoppingList.xcdatamodeld in Sources */,
				D648D349246388C100CD881B /* Location+Extensions.swift in Sources */,
				D62B882D2451162D0051A7CE /* SceneDelegate.swift in Sources */,
				D66FF3562492E67100B3ABC8 /* SLCenteredButton.swift in Sources */,
				D6EF5585246D964C007D636B /* ShoppingItemRowView.swift in Sources */,
				D65721B32464591700E4AAAF /* AddorModifyLocationView.swift in Sources */,
			);
			runOnlyForDeploymentPostprocessing = 0;
		};
/* End PBXSourcesBuildPhase section */

/* Begin PBXVariantGroup section */
		D62B88382451162E0051A7CE /* LaunchScreen.storyboard */ = {
			isa = PBXVariantGroup;
			children = (
				D62B88392451162E0051A7CE /* Base */,
			);
			name = LaunchScreen.storyboard;
			sourceTree = "<group>";
		};
/* End PBXVariantGroup section */

/* Begin XCBuildConfiguration section */
		D62B883C2451162E0051A7CE /* Debug */ = {
			isa = XCBuildConfiguration;
			buildSettings = {
				ALWAYS_SEARCH_USER_PATHS = NO;
				CLANG_ANALYZER_NONNULL = YES;
				CLANG_ANALYZER_NUMBER_OBJECT_CONVERSION = YES_AGGRESSIVE;
				CLANG_CXX_LANGUAGE_STANDARD = "gnu++14";
				CLANG_CXX_LIBRARY = "libc++";
				CLANG_ENABLE_MODULES = YES;
				CLANG_ENABLE_OBJC_ARC = YES;
				CLANG_ENABLE_OBJC_WEAK = YES;
				CLANG_WARN_BLOCK_CAPTURE_AUTORELEASING = YES;
				CLANG_WARN_BOOL_CONVERSION = YES;
				CLANG_WARN_COMMA = YES;
				CLANG_WARN_CONSTANT_CONVERSION = YES;
				CLANG_WARN_DEPRECATED_OBJC_IMPLEMENTATIONS = YES;
				CLANG_WARN_DIRECT_OBJC_ISA_USAGE = YES_ERROR;
				CLANG_WARN_DOCUMENTATION_COMMENTS = YES;
				CLANG_WARN_EMPTY_BODY = YES;
				CLANG_WARN_ENUM_CONVERSION = YES;
				CLANG_WARN_INFINITE_RECURSION = YES;
				CLANG_WARN_INT_CONVERSION = YES;
				CLANG_WARN_NON_LITERAL_NULL_CONVERSION = YES;
				CLANG_WARN_OBJC_IMPLICIT_RETAIN_SELF = YES;
				CLANG_WARN_OBJC_LITERAL_CONVERSION = YES;
				CLANG_WARN_OBJC_ROOT_CLASS = YES_ERROR;
				CLANG_WARN_RANGE_LOOP_ANALYSIS = YES;
				CLANG_WARN_STRICT_PROTOTYPES = YES;
				CLANG_WARN_SUSPICIOUS_MOVE = YES;
				CLANG_WARN_UNGUARDED_AVAILABILITY = YES_AGGRESSIVE;
				CLANG_WARN_UNREACHABLE_CODE = YES;
				CLANG_WARN__DUPLICATE_METHOD_MATCH = YES;
				COPY_PHASE_STRIP = NO;
				DEBUG_INFORMATION_FORMAT = dwarf;
				ENABLE_STRICT_OBJC_MSGSEND = YES;
				ENABLE_TESTABILITY = YES;
				GCC_C_LANGUAGE_STANDARD = gnu11;
				GCC_DYNAMIC_NO_PIC = NO;
				GCC_NO_COMMON_BLOCKS = YES;
				GCC_OPTIMIZATION_LEVEL = 0;
				GCC_PREPROCESSOR_DEFINITIONS = (
					"DEBUG=1",
					"$(inherited)",
				);
				GCC_WARN_64_TO_32_BIT_CONVERSION = YES;
				GCC_WARN_ABOUT_RETURN_TYPE = YES_ERROR;
				GCC_WARN_UNDECLARED_SELECTOR = YES;
				GCC_WARN_UNINITIALIZED_AUTOS = YES_AGGRESSIVE;
				GCC_WARN_UNUSED_FUNCTION = YES;
				GCC_WARN_UNUSED_VARIABLE = YES;
				IPHONEOS_DEPLOYMENT_TARGET = 13.4;
				MTL_ENABLE_DEBUG_INFO = INCLUDE_SOURCE;
				MTL_FAST_MATH = YES;
				ONLY_ACTIVE_ARCH = YES;
				SDKROOT = iphoneos;
				SWIFT_ACTIVE_COMPILATION_CONDITIONS = DEBUG;
				SWIFT_OPTIMIZATION_LEVEL = "-Onone";
			};
			name = Debug;
		};
		D62B883D2451162E0051A7CE /* Release */ = {
			isa = XCBuildConfiguration;
			buildSettings = {
				ALWAYS_SEARCH_USER_PATHS = NO;
				CLANG_ANALYZER_NONNULL = YES;
				CLANG_ANALYZER_NUMBER_OBJECT_CONVERSION = YES_AGGRESSIVE;
				CLANG_CXX_LANGUAGE_STANDARD = "gnu++14";
				CLANG_CXX_LIBRARY = "libc++";
				CLANG_ENABLE_MODULES = YES;
				CLANG_ENABLE_OBJC_ARC = YES;
				CLANG_ENABLE_OBJC_WEAK = YES;
				CLANG_WARN_BLOCK_CAPTURE_AUTORELEASING = YES;
				CLANG_WARN_BOOL_CONVERSION = YES;
				CLANG_WARN_COMMA = YES;
				CLANG_WARN_CONSTANT_CONVERSION = YES;
				CLANG_WARN_DEPRECATED_OBJC_IMPLEMENTATIONS = YES;
				CLANG_WARN_DIRECT_OBJC_ISA_USAGE = YES_ERROR;
				CLANG_WARN_DOCUMENTATION_COMMENTS = YES;
				CLANG_WARN_EMPTY_BODY = YES;
				CLANG_WARN_ENUM_CONVERSION = YES;
				CLANG_WARN_INFINITE_RECURSION = YES;
				CLANG_WARN_INT_CONVERSION = YES;
				CLANG_WARN_NON_LITERAL_NULL_CONVERSION = YES;
				CLANG_WARN_OBJC_IMPLICIT_RETAIN_SELF = YES;
				CLANG_WARN_OBJC_LITERAL_CONVERSION = YES;
				CLANG_WARN_OBJC_ROOT_CLASS = YES_ERROR;
				CLANG_WARN_RANGE_LOOP_ANALYSIS = YES;
				CLANG_WARN_STRICT_PROTOTYPES = YES;
				CLANG_WARN_SUSPICIOUS_MOVE = YES;
				CLANG_WARN_UNGUARDED_AVAILABILITY = YES_AGGRESSIVE;
				CLANG_WARN_UNREACHABLE_CODE = YES;
				CLANG_WARN__DUPLICATE_METHOD_MATCH = YES;
				COPY_PHASE_STRIP = NO;
				DEBUG_INFORMATION_FORMAT = "dwarf-with-dsym";
				ENABLE_NS_ASSERTIONS = NO;
				ENABLE_STRICT_OBJC_MSGSEND = YES;
				GCC_C_LANGUAGE_STANDARD = gnu11;
				GCC_NO_COMMON_BLOCKS = YES;
				GCC_WARN_64_TO_32_BIT_CONVERSION = YES;
				GCC_WARN_ABOUT_RETURN_TYPE = YES_ERROR;
				GCC_WARN_UNDECLARED_SELECTOR = YES;
				GCC_WARN_UNINITIALIZED_AUTOS = YES_AGGRESSIVE;
				GCC_WARN_UNUSED_FUNCTION = YES;
				GCC_WARN_UNUSED_VARIABLE = YES;
				IPHONEOS_DEPLOYMENT_TARGET = 13.4;
				MTL_ENABLE_DEBUG_INFO = NO;
				MTL_FAST_MATH = YES;
				SDKROOT = iphoneos;
				SWIFT_COMPILATION_MODE = wholemodule;
				SWIFT_OPTIMIZATION_LEVEL = "-O";
				VALIDATE_PRODUCT = YES;
			};
			name = Release;
		};
		D62B883F2451162E0051A7CE /* Debug */ = {
			isa = XCBuildConfiguration;
			buildSettings = {
				ASSETCATALOG_COMPILER_APPICON_NAME = AppIcon;
				CODE_SIGN_STYLE = Automatic;
				DEVELOPMENT_ASSET_PATHS = "\"ShoppingList/Preview Content\"";
				DEVELOPMENT_TEAM = 96RUUR8S34;
				ENABLE_PREVIEWS = YES;
				INFOPLIST_FILE = ShoppingList/Info.plist;
				LD_RUNPATH_SEARCH_PATHS = (
					"$(inherited)",
					"@executable_path/Frameworks",
				);
				PRODUCT_BUNDLE_IDENTIFIER = com.dela.ware.math.ShoppingList;
				PRODUCT_NAME = "$(TARGET_NAME)";
				SWIFT_VERSION = 5.0;
				TARGETED_DEVICE_FAMILY = "1,2";
			};
			name = Debug;
		};
		D62B88402451162E0051A7CE /* Release */ = {
			isa = XCBuildConfiguration;
			buildSettings = {
				ASSETCATALOG_COMPILER_APPICON_NAME = AppIcon;
				CODE_SIGN_STYLE = Automatic;
				DEVELOPMENT_ASSET_PATHS = "\"ShoppingList/Preview Content\"";
				DEVELOPMENT_TEAM = 96RUUR8S34;
				ENABLE_PREVIEWS = YES;
				INFOPLIST_FILE = ShoppingList/Info.plist;
				LD_RUNPATH_SEARCH_PATHS = (
					"$(inherited)",
					"@executable_path/Frameworks",
				);
				PRODUCT_BUNDLE_IDENTIFIER = com.dela.ware.math.ShoppingList;
				PRODUCT_NAME = "$(TARGET_NAME)";
				SWIFT_VERSION = 5.0;
				TARGETED_DEVICE_FAMILY = "1,2";
			};
			name = Release;
		};
/* End XCBuildConfiguration section */

/* Begin XCConfigurationList section */
		D62B88222451162D0051A7CE /* Build configuration list for PBXProject "ShoppingList" */ = {
			isa = XCConfigurationList;
			buildConfigurations = (
				D62B883C2451162E0051A7CE /* Debug */,
				D62B883D2451162E0051A7CE /* Release */,
			);
			defaultConfigurationIsVisible = 0;
			defaultConfigurationName = Release;
		};
		D62B883E2451162E0051A7CE /* Build configuration list for PBXNativeTarget "ShoppingList" */ = {
			isa = XCConfigurationList;
			buildConfigurations = (
				D62B883F2451162E0051A7CE /* Debug */,
				D62B88402451162E0051A7CE /* Release */,
			);
			defaultConfigurationIsVisible = 0;
			defaultConfigurationName = Release;
		};
/* End XCConfigurationList section */

/* Begin XCVersionGroup section */
		D6FC7A0824635D950096F018 /* ShoppingList.xcdatamodeld */ = {
			isa = XCVersionGroup;
			children = (
				D6FC7A0924635D950096F018 /* ShoppingList.xcdatamodel */,
			);
			currentVersion = D6FC7A0924635D950096F018 /* ShoppingList.xcdatamodel */;
			path = ShoppingList.xcdatamodeld;
			sourceTree = "<group>";
			versionGroupType = wrapper.xcdatamodel;
		};
/* End XCVersionGroup section */
	};
	rootObject = D62B881F2451162D0051A7CE /* Project object */;
}
